
Microsoft Visual Studio Solution File, Format Version 12.00
# Visual Studio Version 17
VisualStudioVersion = 17.10.35027.167
MinimumVisualStudioVersion = 10.0.40219.1
Project("{9A19103F-16F7-4668-BE54-9A1E7A4F7556}") = "Domain", "Domain\Domain.csproj", "{5C01FA7D-4642-42D6-8DFD-A8E47BFF443A}"
EndProject
Project("{9A19103F-16F7-4668-BE54-9A1E7A4F7556}") = "Infrastructure", "Infrastructure\Infrastructure.csproj", "{F5106611-04B7-4A6D-84B8-EB7D0E05F45B}"
EndProject
Project("{9A19103F-16F7-4668-BE54-9A1E7A4F7556}") = "Application", "Application\Application.csproj", "{57C668EB-6EA1-4BAF-8AE1-48C482E5914A}"
EndProject
Project("{9A19103F-16F7-4668-BE54-9A1E7A4F7556}") = "User-API", "User-API\User-API.csproj", "{03067BB4-4C9E-482F-803F-10FBCC767A91}"
EndProject
Project("{9A19103F-16F7-4668-BE54-9A1E7A4F7556}") = "Event-API", "Event-API\Event-API.csproj", "{DB6741FD-FE0F-40E6-96A6-E4B8DF5FBE72}"
EndProject
Project("{FAE04EC0-301F-11D3-BF4B-00C04F79EFBC}") = "SQL-Queries", "SQL-Queries\SQL-Queries.csproj", "{64AFAACF-0783-4B29-A70B-6ECEA35F0DF1}"
EndProject
Global
	GlobalSection(SolutionConfigurationPlatforms) = preSolution
		Debug|Any CPU = Debug|Any CPU
		Release|Any CPU = Release|Any CPU
	EndGlobalSection
	GlobalSection(ProjectConfigurationPlatforms) = postSolution
		{5C01FA7D-4642-42D6-8DFD-A8E47BFF443A}.Debug|Any CPU.ActiveCfg = Debug|Any CPU
		{5C01FA7D-4642-42D6-8DFD-A8E47BFF443A}.Debug|Any CPU.Build.0 = Debug|Any CPU
		{5C01FA7D-4642-42D6-8DFD-A8E47BFF443A}.Release|Any CPU.ActiveCfg = Release|Any CPU
		{5C01FA7D-4642-42D6-8DFD-A8E47BFF443A}.Release|Any CPU.Build.0 = Release|Any CPU
		{F5106611-04B7-4A6D-84B8-EB7D0E05F45B}.Debug|Any CPU.ActiveCfg = Debug|Any CPU
		{F5106611-04B7-4A6D-84B8-EB7D0E05F45B}.Debug|Any CPU.Build.0 = Debug|Any CPU
		{F5106611-04B7-4A6D-84B8-EB7D0E05F45B}.Release|Any CPU.ActiveCfg = Release|Any CPU
		{F5106611-04B7-4A6D-84B8-EB7D0E05F45B}.Release|Any CPU.Build.0 = Release|Any CPU
		{57C668EB-6EA1-4BAF-8AE1-48C482E5914A}.Debug|Any CPU.ActiveCfg = Debug|Any CPU
		{57C668EB-6EA1-4BAF-8AE1-48C482E5914A}.Debug|Any CPU.Build.0 = Debug|Any CPU
		{57C668EB-6EA1-4BAF-8AE1-48C482E5914A}.Release|Any CPU.ActiveCfg = Release|Any CPU
		{57C668EB-6EA1-4BAF-8AE1-48C482E5914A}.Release|Any CPU.Build.0 = Release|Any CPU
		{03067BB4-4C9E-482F-803F-10FBCC767A91}.Debug|Any CPU.ActiveCfg = Debug|Any CPU
		{03067BB4-4C9E-482F-803F-10FBCC767A91}.Debug|Any CPU.Build.0 = Debug|Any CPU
		{03067BB4-4C9E-482F-803F-10FBCC767A91}.Release|Any CPU.ActiveCfg = Release|Any CPU
		{03067BB4-4C9E-482F-803F-10FBCC767A91}.Release|Any CPU.Build.0 = Release|Any CPU
		{DB6741FD-FE0F-40E6-96A6-E4B8DF5FBE72}.Debug|Any CPU.ActiveCfg = Debug|Any CPU
		{DB6741FD-FE0F-40E6-96A6-E4B8DF5FBE72}.Debug|Any CPU.Build.0 = Debug|Any CPU
		{DB6741FD-FE0F-40E6-96A6-E4B8DF5FBE72}.Release|Any CPU.ActiveCfg = Release|Any CPU
		{DB6741FD-FE0F-40E6-96A6-E4B8DF5FBE72}.Release|Any CPU.Build.0 = Release|Any CPU
		{64AFAACF-0783-4B29-A70B-6ECEA35F0DF1}.Debug|Any CPU.ActiveCfg = Debug|Any CPU
		{64AFAACF-0783-4B29-A70B-6ECEA35F0DF1}.Debug|Any CPU.Build.0 = Debug|Any CPU
		{64AFAACF-0783-4B29-A70B-6ECEA35F0DF1}.Release|Any CPU.ActiveCfg = Release|Any CPU
		{64AFAACF-0783-4B29-A70B-6ECEA35F0DF1}.Release|Any CPU.Build.0 = Release|Any CPU
	EndGlobalSection
	GlobalSection(SolutionProperties) = preSolution
		HideSolutionNode = FALSE
	EndGlobalSection
	GlobalSection(ExtensibilityGlobals) = postSolution
		SolutionGuid = {DAD69B5D-2E2D-43DA-BBAA-22BE5CE09DFF}
	EndGlobalSection
EndGlobal
